
Microsoft Visual Studio Solution File, Format Version 12.00
# Visual Studio Version 16
VisualStudioVersion = 16.0.31911.196
MinimumVisualStudioVersion = 10.0.40219.1
Project("{FAE04EC0-301F-11D3-BF4B-00C04F79EFBC}") = "Exercise6", "Exercise6.csproj", "{C14E22FC-2617-429C-ABF2-154C2F713464}"
EndProject
Global
	GlobalSection(SolutionConfigurationPlatforms) = preSolution
		Debug|Any CPU = Debug|Any CPU
		Release|Any CPU = Release|Any CPU
	EndGlobalSection
	GlobalSection(ProjectConfigurationPlatforms) = postSolution
		{C14E22FC-2617-429C-ABF2-154C2F713464}.Debug|Any CPU.ActiveCfg = Debug|Any CPU
		{C14E22FC-2617-429C-ABF2-154C2F713464}.Debug|Any CPU.Build.0 = Debug|Any CPU
		{C14E22FC-2617-429C-ABF2-154C2F713464}.Release|Any CPU.ActiveCfg = Release|Any CPU
		{C14E22FC-2617-429C-ABF2-154C2F713464}.Release|Any CPU.Build.0 = Release|Any CPU
	EndGlobalSection
	GlobalSection(SolutionProperties) = preSolution
		HideSolutionNode = FALSE
	EndGlobalSection
	GlobalSection(ExtensibilityGlobals) = postSolution
		SolutionGuid = {DF3DD175-0B04-4601-B726-EF5C59DBCA8A}
	EndGlobalSection
EndGlobal
